// !$*UTF8*$!
{
	archiveVersion = 1;
	classes = {
	};
	objectVersion = 46;
	objects = {

/* Begin PBXBuildFile section */
		0AECFCF42BE849EB8A3D33E4 /* libPods.a in Frameworks */ = {isa = PBXBuildFile; fileRef = F0741E9E58A147889A01C8BF /* libPods.a */; };
		271208C01542A3C900258AEB /* AMLibraryItem.m in Sources */ = {isa = PBXBuildFile; fileRef = 271208BF1542A3C900258AEB /* AMLibraryItem.m */; };
		272B1C281540602700BBAA62 /* AMClient.m in Sources */ = {isa = PBXBuildFile; fileRef = 272B1C271540602700BBAA62 /* AMClient.m */; };
		27362E201540668700B8FA78 /* AMWorkViewController.m in Sources */ = {isa = PBXBuildFile; fileRef = 27362E1F1540668700B8FA78 /* AMWorkViewController.m */; };
		27362E2415406A3700B8FA78 /* AMWorkRankCell.m in Sources */ = {isa = PBXBuildFile; fileRef = 27362E2315406A3700B8FA78 /* AMWorkRankCell.m */; };
		276BB95015405E0A0081C57D /* AMMainViewController.m in Sources */ = {isa = PBXBuildFile; fileRef = 276BB94F15405E0A0081C57D /* AMMainViewController.m */; };
		278A8DAA151CA3C900AFBF17 /* UIKit.framework in Frameworks */ = {isa = PBXBuildFile; fileRef = 278A8DA9151CA3C900AFBF17 /* UIKit.framework */; };
		278A8DAC151CA3C900AFBF17 /* Foundation.framework in Frameworks */ = {isa = PBXBuildFile; fileRef = 278A8DAB151CA3C900AFBF17 /* Foundation.framework */; };
		278A8DAE151CA3C900AFBF17 /* CoreGraphics.framework in Frameworks */ = {isa = PBXBuildFile; fileRef = 278A8DAD151CA3C900AFBF17 /* CoreGraphics.framework */; };
		278A8DB4151CA3C900AFBF17 /* InfoPlist.strings in Resources */ = {isa = PBXBuildFile; fileRef = 278A8DB2151CA3C900AFBF17 /* InfoPlist.strings */; };
		278A8DB6151CA3C900AFBF17 /* main.m in Sources */ = {isa = PBXBuildFile; fileRef = 278A8DB5151CA3C900AFBF17 /* main.m */; };
		278A8DBA151CA3C900AFBF17 /* AMAppDelegate.m in Sources */ = {isa = PBXBuildFile; fileRef = 278A8DB9151CA3C900AFBF17 /* AMAppDelegate.m */; };
		278A8DBD151CA3C900AFBF17 /* MainStoryboard.storyboard in Resources */ = {isa = PBXBuildFile; fileRef = 278A8DBB151CA3C900AFBF17 /* MainStoryboard.storyboard */; };
		278A8DC0151CA3C900AFBF17 /* AMViewController.m in Sources */ = {isa = PBXBuildFile; fileRef = 278A8DBF151CA3C900AFBF17 /* AMViewController.m */; };
		27D1C1EB1541AF4D0090F406 /* AMVideoViewController.m in Sources */ = {isa = PBXBuildFile; fileRef = 27D1C1EA1541AF4D0090F406 /* AMVideoViewController.m */; };
		27D1C1F21541BB220090F406 /* UIView+Layout.m in Sources */ = {isa = PBXBuildFile; fileRef = 27D1C1F11541BB220090F406 /* UIView+Layout.m */; };
		27D1C1F51541C36E0090F406 /* AMLibraryViewController.m in Sources */ = {isa = PBXBuildFile; fileRef = 27D1C1F41541C36E0090F406 /* AMLibraryViewController.m */; };
		27D1C1F81541C4090090F406 /* AMLoginViewController.m in Sources */ = {isa = PBXBuildFile; fileRef = 27D1C1F71541C4090090F406 /* AMLoginViewController.m */; };
		27D1C2001542773B0090F406 /* Security.framework in Frameworks */ = {isa = PBXBuildFile; fileRef = 27D1C1FF1542773B0090F406 /* Security.framework */; };
/* End PBXBuildFile section */

/* Begin PBXFileReference section */
		271208BE1542A3C900258AEB /* AMLibraryItem.h */ = {isa = PBXFileReference; fileEncoding = 4; lastKnownFileType = sourcecode.c.h; path = AMLibraryItem.h; sourceTree = "<group>"; };
		271208BF1542A3C900258AEB /* AMLibraryItem.m */ = {isa = PBXFileReference; fileEncoding = 4; lastKnownFileType = sourcecode.c.objc; path = AMLibraryItem.m; sourceTree = "<group>"; };
		272B1C261540602700BBAA62 /* AMClient.h */ = {isa = PBXFileReference; fileEncoding = 4; lastKnownFileType = sourcecode.c.h; path = AMClient.h; sourceTree = "<group>"; };
		272B1C271540602700BBAA62 /* AMClient.m */ = {isa = PBXFileReference; fileEncoding = 4; lastKnownFileType = sourcecode.c.objc; path = AMClient.m; sourceTree = "<group>"; };
		27362E1E1540668700B8FA78 /* AMWorkViewController.h */ = {isa = PBXFileReference; fileEncoding = 4; lastKnownFileType = sourcecode.c.h; path = AMWorkViewController.h; sourceTree = "<group>"; };
		27362E1F1540668700B8FA78 /* AMWorkViewController.m */ = {isa = PBXFileReference; fileEncoding = 4; lastKnownFileType = sourcecode.c.objc; path = AMWorkViewController.m; sourceTree = "<group>"; };
		27362E2215406A3700B8FA78 /* AMWorkRankCell.h */ = {isa = PBXFileReference; fileEncoding = 4; lastKnownFileType = sourcecode.c.h; path = AMWorkRankCell.h; sourceTree = "<group>"; };
		27362E2315406A3700B8FA78 /* AMWorkRankCell.m */ = {isa = PBXFileReference; fileEncoding = 4; lastKnownFileType = sourcecode.c.objc; path = AMWorkRankCell.m; sourceTree = "<group>"; };
		276BB94E15405E0A0081C57D /* AMMainViewController.h */ = {isa = PBXFileReference; fileEncoding = 4; lastKnownFileType = sourcecode.c.h; path = AMMainViewController.h; sourceTree = "<group>"; };
		276BB94F15405E0A0081C57D /* AMMainViewController.m */ = {isa = PBXFileReference; fileEncoding = 4; lastKnownFileType = sourcecode.c.objc; path = AMMainViewController.m; sourceTree = "<group>"; };
		278A8DA5151CA3C900AFBF17 /* ianimeta.app */ = {isa = PBXFileReference; explicitFileType = wrapper.application; includeInIndex = 0; path = ianimeta.app; sourceTree = BUILT_PRODUCTS_DIR; };
		278A8DA9151CA3C900AFBF17 /* UIKit.framework */ = {isa = PBXFileReference; lastKnownFileType = wrapper.framework; name = UIKit.framework; path = System/Library/Frameworks/UIKit.framework; sourceTree = SDKROOT; };
		278A8DAB151CA3C900AFBF17 /* Foundation.framework */ = {isa = PBXFileReference; lastKnownFileType = wrapper.framework; name = Foundation.framework; path = System/Library/Frameworks/Foundation.framework; sourceTree = SDKROOT; };
		278A8DAD151CA3C900AFBF17 /* CoreGraphics.framework */ = {isa = PBXFileReference; lastKnownFileType = wrapper.framework; name = CoreGraphics.framework; path = System/Library/Frameworks/CoreGraphics.framework; sourceTree = SDKROOT; };
		278A8DB1151CA3C900AFBF17 /* ianimeta-Info.plist */ = {isa = PBXFileReference; lastKnownFileType = text.plist.xml; path = "ianimeta-Info.plist"; sourceTree = "<group>"; };
		278A8DB3151CA3C900AFBF17 /* en */ = {isa = PBXFileReference; lastKnownFileType = text.plist.strings; name = en; path = en.lproj/InfoPlist.strings; sourceTree = "<group>"; };
		278A8DB5151CA3C900AFBF17 /* main.m */ = {isa = PBXFileReference; lastKnownFileType = sourcecode.c.objc; path = main.m; sourceTree = "<group>"; };
		278A8DB7151CA3C900AFBF17 /* ianimeta-Prefix.pch */ = {isa = PBXFileReference; lastKnownFileType = sourcecode.c.h; path = "ianimeta-Prefix.pch"; sourceTree = "<group>"; };
		278A8DB8151CA3C900AFBF17 /* AMAppDelegate.h */ = {isa = PBXFileReference; lastKnownFileType = sourcecode.c.h; path = AMAppDelegate.h; sourceTree = "<group>"; };
		278A8DB9151CA3C900AFBF17 /* AMAppDelegate.m */ = {isa = PBXFileReference; lastKnownFileType = sourcecode.c.objc; path = AMAppDelegate.m; sourceTree = "<group>"; };
		278A8DBC151CA3C900AFBF17 /* en */ = {isa = PBXFileReference; lastKnownFileType = file.storyboard; name = en; path = en.lproj/MainStoryboard.storyboard; sourceTree = "<group>"; };
		278A8DBE151CA3C900AFBF17 /* AMViewController.h */ = {isa = PBXFileReference; lastKnownFileType = sourcecode.c.h; path = AMViewController.h; sourceTree = "<group>"; };
		278A8DBF151CA3C900AFBF17 /* AMViewController.m */ = {isa = PBXFileReference; lastKnownFileType = sourcecode.c.objc; path = AMViewController.m; sourceTree = "<group>"; };
		27D1C1E91541AF4D0090F406 /* AMVideoViewController.h */ = {isa = PBXFileReference; fileEncoding = 4; lastKnownFileType = sourcecode.c.h; path = AMVideoViewController.h; sourceTree = "<group>"; };
		27D1C1EA1541AF4D0090F406 /* AMVideoViewController.m */ = {isa = PBXFileReference; fileEncoding = 4; lastKnownFileType = sourcecode.c.objc; path = AMVideoViewController.m; sourceTree = "<group>"; };
		27D1C1F01541BB220090F406 /* UIView+Layout.h */ = {isa = PBXFileReference; fileEncoding = 4; lastKnownFileType = sourcecode.c.h; path = "UIView+Layout.h"; sourceTree = "<group>"; };
		27D1C1F11541BB220090F406 /* UIView+Layout.m */ = {isa = PBXFileReference; fileEncoding = 4; lastKnownFileType = sourcecode.c.objc; path = "UIView+Layout.m"; sourceTree = "<group>"; };
		27D1C1F31541C36E0090F406 /* AMLibraryViewController.h */ = {isa = PBXFileReference; fileEncoding = 4; lastKnownFileType = sourcecode.c.h; path = AMLibraryViewController.h; sourceTree = "<group>"; };
		27D1C1F41541C36E0090F406 /* AMLibraryViewController.m */ = {isa = PBXFileReference; fileEncoding = 4; lastKnownFileType = sourcecode.c.objc; path = AMLibraryViewController.m; sourceTree = "<group>"; };
		27D1C1F61541C4090090F406 /* AMLoginViewController.h */ = {isa = PBXFileReference; fileEncoding = 4; lastKnownFileType = sourcecode.c.h; path = AMLoginViewController.h; sourceTree = "<group>"; };
		27D1C1F71541C4090090F406 /* AMLoginViewController.m */ = {isa = PBXFileReference; fileEncoding = 4; lastKnownFileType = sourcecode.c.objc; path = AMLoginViewController.m; sourceTree = "<group>"; };
		27D1C1FF1542773B0090F406 /* Security.framework */ = {isa = PBXFileReference; lastKnownFileType = wrapper.framework; name = Security.framework; path = System/Library/Frameworks/Security.framework; sourceTree = SDKROOT; };
		4B12333D20D741A4AF9AE7F7 /* Pods.xcconfig */ = {isa = PBXFileReference; lastKnownFileType = text.xcconfig; name = Pods.xcconfig; path = Pods/Pods.xcconfig; sourceTree = SOURCE_ROOT; };
		F0741E9E58A147889A01C8BF /* libPods.a */ = {isa = PBXFileReference; explicitFileType = archive.ar; includeInIndex = 0; path = libPods.a; sourceTree = BUILT_PRODUCTS_DIR; };
/* End PBXFileReference section */

/* Begin PBXFrameworksBuildPhase section */
		278A8DA2151CA3C900AFBF17 /* Frameworks */ = {
			isa = PBXFrameworksBuildPhase;
			buildActionMask = 2147483647;
			files = (
				27D1C2001542773B0090F406 /* Security.framework in Frameworks */,
				278A8DAA151CA3C900AFBF17 /* UIKit.framework in Frameworks */,
				278A8DAC151CA3C900AFBF17 /* Foundation.framework in Frameworks */,
				278A8DAE151CA3C900AFBF17 /* CoreGraphics.framework in Frameworks */,
				0AECFCF42BE849EB8A3D33E4 /* libPods.a in Frameworks */,
			);
			runOnlyForDeploymentPostprocessing = 0;
		};
/* End PBXFrameworksBuildPhase section */

/* Begin PBXGroup section */
		278A8D9A151CA3C800AFBF17 = {
			isa = PBXGroup;
			children = (
				27D1C1FF1542773B0090F406 /* Security.framework */,
				278A8DAF151CA3C900AFBF17 /* ianimeta */,
				278A8DA8151CA3C900AFBF17 /* Frameworks */,
				278A8DA6151CA3C900AFBF17 /* Products */,
				4B12333D20D741A4AF9AE7F7 /* Pods.xcconfig */,
			);
			sourceTree = "<group>";
		};
		278A8DA6151CA3C900AFBF17 /* Products */ = {
			isa = PBXGroup;
			children = (
				278A8DA5151CA3C900AFBF17 /* ianimeta.app */,
			);
			name = Products;
			sourceTree = "<group>";
		};
		278A8DA8151CA3C900AFBF17 /* Frameworks */ = {
			isa = PBXGroup;
			children = (
				278A8DA9151CA3C900AFBF17 /* UIKit.framework */,
				278A8DAB151CA3C900AFBF17 /* Foundation.framework */,
				278A8DAD151CA3C900AFBF17 /* CoreGraphics.framework */,
				F0741E9E58A147889A01C8BF /* libPods.a */,
			);
			name = Frameworks;
			sourceTree = "<group>";
		};
		278A8DAF151CA3C900AFBF17 /* ianimeta */ = {
			isa = PBXGroup;
			children = (
				278A8DB8151CA3C900AFBF17 /* AMAppDelegate.h */,
				278A8DB9151CA3C900AFBF17 /* AMAppDelegate.m */,
				278A8DBB151CA3C900AFBF17 /* MainStoryboard.storyboard */,
				278A8DBE151CA3C900AFBF17 /* AMViewController.h */,
				278A8DBF151CA3C900AFBF17 /* AMViewController.m */,
				278A8DB0151CA3C900AFBF17 /* Supporting Files */,
				276BB94E15405E0A0081C57D /* AMMainViewController.h */,
				276BB94F15405E0A0081C57D /* AMMainViewController.m */,
				272B1C261540602700BBAA62 /* AMClient.h */,
				272B1C271540602700BBAA62 /* AMClient.m */,
				27362E1E1540668700B8FA78 /* AMWorkViewController.h */,
				27362E1F1540668700B8FA78 /* AMWorkViewController.m */,
				27362E2215406A3700B8FA78 /* AMWorkRankCell.h */,
				27362E2315406A3700B8FA78 /* AMWorkRankCell.m */,
				27D1C1E91541AF4D0090F406 /* AMVideoViewController.h */,
				27D1C1EA1541AF4D0090F406 /* AMVideoViewController.m */,
				27D1C1F01541BB220090F406 /* UIView+Layout.h */,
				27D1C1F11541BB220090F406 /* UIView+Layout.m */,
				27D1C1F31541C36E0090F406 /* AMLibraryViewController.h */,
				27D1C1F41541C36E0090F406 /* AMLibraryViewController.m */,
				27D1C1F61541C4090090F406 /* AMLoginViewController.h */,
				27D1C1F71541C4090090F406 /* AMLoginViewController.m */,
				271208BE1542A3C900258AEB /* AMLibraryItem.h */,
				271208BF1542A3C900258AEB /* AMLibraryItem.m */,
			);
			path = ianimeta;
			sourceTree = "<group>";
		};
		278A8DB0151CA3C900AFBF17 /* Supporting Files */ = {
			isa = PBXGroup;
			children = (
				278A8DB1151CA3C900AFBF17 /* ianimeta-Info.plist */,
				278A8DB2151CA3C900AFBF17 /* InfoPlist.strings */,
				278A8DB5151CA3C900AFBF17 /* main.m */,
				278A8DB7151CA3C900AFBF17 /* ianimeta-Prefix.pch */,
			);
			name = "Supporting Files";
			sourceTree = "<group>";
		};
/* End PBXGroup section */

/* Begin PBXNativeTarget section */
		278A8DA4151CA3C900AFBF17 /* ianimeta */ = {
			isa = PBXNativeTarget;
			buildConfigurationList = 278A8DC3151CA3C900AFBF17 /* Build configuration list for PBXNativeTarget "ianimeta" */;
			buildPhases = (
				278A8DA1151CA3C900AFBF17 /* Sources */,
				278A8DA2151CA3C900AFBF17 /* Frameworks */,
				278A8DA3151CA3C900AFBF17 /* Resources */,
				CF05A75CEE064C6BB191A4DC /* Copy Pods Resources */,
			);
			buildRules = (
			);
			dependencies = (
			);
			name = ianimeta;
			productName = ianimeta;
			productReference = 278A8DA5151CA3C900AFBF17 /* ianimeta.app */;
			productType = "com.apple.product-type.application";
		};
/* End PBXNativeTarget section */

/* Begin PBXProject section */
		278A8D9C151CA3C800AFBF17 /* Project object */ = {
			isa = PBXProject;
			attributes = {
				LastUpgradeCheck = 0420;
			};
			buildConfigurationList = 278A8D9F151CA3C800AFBF17 /* Build configuration list for PBXProject "ianimeta" */;
			compatibilityVersion = "Xcode 3.2";
			developmentRegion = English;
			hasScannedForEncodings = 0;
			knownRegions = (
				en,
			);
			mainGroup = 278A8D9A151CA3C800AFBF17;
			productRefGroup = 278A8DA6151CA3C900AFBF17 /* Products */;
			projectDirPath = "";
			projectRoot = "";
			targets = (
				278A8DA4151CA3C900AFBF17 /* ianimeta */,
			);
		};
/* End PBXProject section */

/* Begin PBXResourcesBuildPhase section */
		278A8DA3151CA3C900AFBF17 /* Resources */ = {
			isa = PBXResourcesBuildPhase;
			buildActionMask = 2147483647;
			files = (
				278A8DB4151CA3C900AFBF17 /* InfoPlist.strings in Resources */,
				278A8DBD151CA3C900AFBF17 /* MainStoryboard.storyboard in Resources */,
			);
			runOnlyForDeploymentPostprocessing = 0;
		};
/* End PBXResourcesBuildPhase section */

/* Begin PBXShellScriptBuildPhase section */
		CF05A75CEE064C6BB191A4DC /* Copy Pods Resources */ = {
			isa = PBXShellScriptBuildPhase;
			buildActionMask = 2147483647;
			files = (
			);
			inputPaths = (
			);
			name = "Copy Pods Resources";
			outputPaths = (
			);
			runOnlyForDeploymentPostprocessing = 0;
			shellPath = /bin/sh;
			shellScript = "\"${SRCROOT}/Pods/Pods-resources.sh\"\n";
		};
/* End PBXShellScriptBuildPhase section */

/* Begin PBXSourcesBuildPhase section */
		278A8DA1151CA3C900AFBF17 /* Sources */ = {
			isa = PBXSourcesBuildPhase;
			buildActionMask = 2147483647;
			files = (
				278A8DB6151CA3C900AFBF17 /* main.m in Sources */,
				278A8DBA151CA3C900AFBF17 /* AMAppDelegate.m in Sources */,
				278A8DC0151CA3C900AFBF17 /* AMViewController.m in Sources */,
				276BB95015405E0A0081C57D /* AMMainViewController.m in Sources */,
				272B1C281540602700BBAA62 /* AMClient.m in Sources */,
				27362E201540668700B8FA78 /* AMWorkViewController.m in Sources */,
				27362E2415406A3700B8FA78 /* AMWorkRankCell.m in Sources */,
				27D1C1EB1541AF4D0090F406 /* AMVideoViewController.m in Sources */,
				27D1C1F21541BB220090F406 /* UIView+Layout.m in Sources */,
				27D1C1F51541C36E0090F406 /* AMLibraryViewController.m in Sources */,
				27D1C1F81541C4090090F406 /* AMLoginViewController.m in Sources */,
				271208C01542A3C900258AEB /* AMLibraryItem.m in Sources */,
			);
			runOnlyForDeploymentPostprocessing = 0;
		};
/* End PBXSourcesBuildPhase section */

/* Begin PBXVariantGroup section */
		278A8DB2151CA3C900AFBF17 /* InfoPlist.strings */ = {
			isa = PBXVariantGroup;
			children = (
				278A8DB3151CA3C900AFBF17 /* en */,
			);
			name = InfoPlist.strings;
			sourceTree = "<group>";
		};
		278A8DBB151CA3C900AFBF17 /* MainStoryboard.storyboard */ = {
			isa = PBXVariantGroup;
			children = (
				278A8DBC151CA3C900AFBF17 /* en */,
			);
			name = MainStoryboard.storyboard;
			sourceTree = "<group>";
		};
/* End PBXVariantGroup section */

/* Begin XCBuildConfiguration section */
		278A8DC1151CA3C900AFBF17 /* Debug */ = {
			isa = XCBuildConfiguration;
			buildSettings = {
				ALWAYS_SEARCH_USER_PATHS = NO;
				ARCHS = "$(ARCHS_STANDARD_32_BIT)";
				CLANG_ENABLE_OBJC_ARC = YES;
				"CODE_SIGN_IDENTITY[sdk=iphoneos*]" = "iPhone Developer";
				COPY_PHASE_STRIP = NO;
				GCC_C_LANGUAGE_STANDARD = gnu99;
				GCC_DYNAMIC_NO_PIC = NO;
				GCC_OPTIMIZATION_LEVEL = 0;
				GCC_PREPROCESSOR_DEFINITIONS = (
					"DEBUG=1",
					"$(inherited)",
				);
				GCC_SYMBOLS_PRIVATE_EXTERN = NO;
				GCC_VERSION = com.apple.compilers.llvm.clang.1_0;
				GCC_WARN_ABOUT_MISSING_PROTOTYPES = YES;
				GCC_WARN_ABOUT_RETURN_TYPE = YES;
				GCC_WARN_UNUSED_VARIABLE = YES;
				IPHONEOS_DEPLOYMENT_TARGET = 5.0;
				SDKROOT = iphoneos;
			};
			name = Debug;
		};
		278A8DC2151CA3C900AFBF17 /* Release */ = {
			isa = XCBuildConfiguration;
			buildSettings = {
				ALWAYS_SEARCH_USER_PATHS = NO;
				ARCHS = "$(ARCHS_STANDARD_32_BIT)";
				CLANG_ENABLE_OBJC_ARC = YES;
				"CODE_SIGN_IDENTITY[sdk=iphoneos*]" = "iPhone Developer";
				COPY_PHASE_STRIP = YES;
				GCC_C_LANGUAGE_STANDARD = gnu99;
				GCC_VERSION = com.apple.compilers.llvm.clang.1_0;
				GCC_WARN_ABOUT_MISSING_PROTOTYPES = YES;
				GCC_WARN_ABOUT_RETURN_TYPE = YES;
				GCC_WARN_UNUSED_VARIABLE = YES;
				IPHONEOS_DEPLOYMENT_TARGET = 5.0;
				OTHER_CFLAGS = "-DNS_BLOCK_ASSERTIONS=1";
				SDKROOT = iphoneos;
				VALIDATE_PRODUCT = YES;
			};
			name = Release;
		};
		278A8DC4151CA3C900AFBF17 /* Debug */ = {
			isa = XCBuildConfiguration;
			baseConfigurationReference = 4B12333D20D741A4AF9AE7F7 /* Pods.xcconfig */;
			buildSettings = {
				DSTROOT = /tmp/xcodeproj.dst;
				GCC_PRECOMPILE_PREFIX_HEADER = YES;
				GCC_PREFIX_HEADER = "ianimeta/ianimeta-Prefix.pch";
				GCC_VERSION = com.apple.compilers.llvm.clang.1_0;
				INFOPLIST_FILE = "ianimeta/ianimeta-Info.plist";
				LIBRARY_SEARCH_PATHS = (
					"$(inherited)",
					"\"$(SRCROOT)\"",
				);
				PRODUCT_NAME = "$(TARGET_NAME)";
				SKIP_INSTALL = YES;
				WRAPPER_EXTENSION = app;
			};
			name = Debug;
		};
		278A8DC5151CA3C900AFBF17 /* Release */ = {
			isa = XCBuildConfiguration;
			baseConfigurationReference = 4B12333D20D741A4AF9AE7F7 /* Pods.xcconfig */;
			buildSettings = {
				DSTROOT = /tmp/xcodeproj.dst;
				GCC_PRECOMPILE_PREFIX_HEADER = YES;
				GCC_PREFIX_HEADER = "ianimeta/ianimeta-Prefix.pch";
				GCC_VERSION = com.apple.compilers.llvm.clang.1_0;
				INFOPLIST_FILE = "ianimeta/ianimeta-Info.plist";
				LIBRARY_SEARCH_PATHS = (
					"$(inherited)",
					"\"$(SRCROOT)\"",
				);
				PRODUCT_NAME = "$(TARGET_NAME)";
				SKIP_INSTALL = YES;
				WRAPPER_EXTENSION = app;
			};
			name = Release;
		};
/* End XCBuildConfiguration section */

/* Begin XCConfigurationList section */
		278A8D9F151CA3C800AFBF17 /* Build configuration list for PBXProject "ianimeta" */ = {
			isa = XCConfigurationList;
			buildConfigurations = (
				278A8DC1151CA3C900AFBF17 /* Debug */,
				278A8DC2151CA3C900AFBF17 /* Release */,
			);
			defaultConfigurationIsVisible = 0;
			defaultConfigurationName = Release;
		};
		278A8DC3151CA3C900AFBF17 /* Build configuration list for PBXNativeTarget "ianimeta" */ = {
			isa = XCConfigurationList;
			buildConfigurations = (
				278A8DC4151CA3C900AFBF17 /* Debug */,
				278A8DC5151CA3C900AFBF17 /* Release */,
			);
			defaultConfigurationIsVisible = 0;
			defaultConfigurationName = Release;
		};
/* End XCConfigurationList section */
	};
	rootObject = 278A8D9C151CA3C800AFBF17 /* Project object */;
}
