// !$*UTF8*$!
{
	archiveVersion = 1;
	classes = {
	};
	objectVersion = 46;
	objects = {

/* Begin PBXBuildFile section */
		278A8DAA151CA3C900AFBF17 /* UIKit.framework in Frameworks */ = {isa = PBXBuildFile; fileRef = 278A8DA9151CA3C900AFBF17 /* UIKit.framework */; };
		278A8DAC151CA3C900AFBF17 /* Foundation.framework in Frameworks */ = {isa = PBXBuildFile; fileRef = 278A8DAB151CA3C900AFBF17 /* Foundation.framework */; };
		278A8DAE151CA3C900AFBF17 /* CoreGraphics.framework in Frameworks */ = {isa = PBXBuildFile; fileRef = 278A8DAD151CA3C900AFBF17 /* CoreGraphics.framework */; };
		278A8DB4151CA3C900AFBF17 /* InfoPlist.strings in Resources */ = {isa = PBXBuildFile; fileRef = 278A8DB2151CA3C900AFBF17 /* InfoPlist.strings */; };
		278A8DB6151CA3C900AFBF17 /* main.m in Sources */ = {isa = PBXBuildFile; fileRef = 278A8DB5151CA3C900AFBF17 /* main.m */; };
		278A8DBA151CA3C900AFBF17 /* AMAppDelegate.m in Sources */ = {isa = PBXBuildFile; fileRef = 278A8DB9151CA3C900AFBF17 /* AMAppDelegate.m */; };
		278A8DBD151CA3C900AFBF17 /* MainStoryboard.storyboard in Resources */ = {isa = PBXBuildFile; fileRef = 278A8DBB151CA3C900AFBF17 /* MainStoryboard.storyboard */; };
		278A8DC0151CA3C900AFBF17 /* AMViewController.m in Sources */ = {isa = PBXBuildFile; fileRef = 278A8DBF151CA3C900AFBF17 /* AMViewController.m */; };
/* End PBXBuildFile section */

/* Begin PBXFileReference section */
		278A8DA5151CA3C900AFBF17 /* ianimeta.app */ = {isa = PBXFileReference; explicitFileType = wrapper.application; includeInIndex = 0; path = ianimeta.app; sourceTree = BUILT_PRODUCTS_DIR; };
		278A8DA9151CA3C900AFBF17 /* UIKit.framework */ = {isa = PBXFileReference; lastKnownFileType = wrapper.framework; name = UIKit.framework; path = System/Library/Frameworks/UIKit.framework; sourceTree = SDKROOT; };
		278A8DAB151CA3C900AFBF17 /* Foundation.framework */ = {isa = PBXFileReference; lastKnownFileType = wrapper.framework; name = Foundation.framework; path = System/Library/Frameworks/Foundation.framework; sourceTree = SDKROOT; };
		278A8DAD151CA3C900AFBF17 /* CoreGraphics.framework */ = {isa = PBXFileReference; lastKnownFileType = wrapper.framework; name = CoreGraphics.framework; path = System/Library/Frameworks/CoreGraphics.framework; sourceTree = SDKROOT; };
		278A8DB1151CA3C900AFBF17 /* ianimeta-Info.plist */ = {isa = PBXFileReference; path = "ianimeta-Info.plist"; sourceTree = "<group>"; };
		278A8DB3151CA3C900AFBF17 /* en */ = {isa = PBXFileReference; lastKnownFileType = text.plist.strings; name = en; path = en.lproj/InfoPlist.strings; sourceTree = "<group>"; };
		278A8DB5151CA3C900AFBF17 /* main.m */ = {isa = PBXFileReference; lastKnownFileType = sourcecode.c.objc; path = main.m; sourceTree = "<group>"; };
		278A8DB7151CA3C900AFBF17 /* ianimeta-Prefix.pch */ = {isa = PBXFileReference; path = "ianimeta-Prefix.pch"; sourceTree = "<group>"; };
		278A8DB8151CA3C900AFBF17 /* AMAppDelegate.h */ = {isa = PBXFileReference; path = AMAppDelegate.h; sourceTree = "<group>"; };
		278A8DB9151CA3C900AFBF17 /* AMAppDelegate.m */ = {isa = PBXFileReference; lastKnownFileType = sourcecode.c.objc; path = AMAppDelegate.m; sourceTree = "<group>"; };
		278A8DBC151CA3C900AFBF17 /* en */ = {isa = PBXFileReference; lastKnownFileType = file.storyboard; name = en; path = en.lproj/MainStoryboard.storyboard; sourceTree = "<group>"; };
		278A8DBE151CA3C900AFBF17 /* AMViewController.h */ = {isa = PBXFileReference; path = AMViewController.h; sourceTree = "<group>"; };
		278A8DBF151CA3C900AFBF17 /* AMViewController.m */ = {isa = PBXFileReference; lastKnownFileType = sourcecode.c.objc; path = AMViewController.m; sourceTree = "<group>"; };
/* End PBXFileReference section */

/* Begin PBXFrameworksBuildPhase section */
		278A8DA2151CA3C900AFBF17 /* Frameworks */ = {
			isa = PBXFrameworksBuildPhase;
			buildActionMask = 2147483647;
			files = (
				278A8DAA151CA3C900AFBF17 /* UIKit.framework in Frameworks */,
				278A8DAC151CA3C900AFBF17 /* Foundation.framework in Frameworks */,
				278A8DAE151CA3C900AFBF17 /* CoreGraphics.framework in Frameworks */,
			);
			runOnlyForDeploymentPostprocessing = 0;
		};
/* End PBXFrameworksBuildPhase section */

/* Begin PBXGroup section */
		278A8D9A151CA3C800AFBF17 = {
			isa = PBXGroup;
			children = (
				278A8DAF151CA3C900AFBF17 /* ianimeta */,
				278A8DA8151CA3C900AFBF17 /* Frameworks */,
				278A8DA6151CA3C900AFBF17 /* Products */,
			);
			sourceTree = "<group>";
		};
		278A8DA6151CA3C900AFBF17 /* Products */ = {
			isa = PBXGroup;
			children = (
				278A8DA5151CA3C900AFBF17 /* ianimeta.app */,
			);
			name = Products;
			sourceTree = "<group>";
		};
		278A8DA8151CA3C900AFBF17 /* Frameworks */ = {
			isa = PBXGroup;
			children = (
				278A8DA9151CA3C900AFBF17 /* UIKit.framework */,
				278A8DAB151CA3C900AFBF17 /* Foundation.framework */,
				278A8DAD151CA3C900AFBF17 /* CoreGraphics.framework */,
			);
			name = Frameworks;
			sourceTree = "<group>";
		};
		278A8DAF151CA3C900AFBF17 /* ianimeta */ = {
			isa = PBXGroup;
			children = (
				278A8DB8151CA3C900AFBF17 /* AMAppDelegate.h */,
				278A8DB9151CA3C900AFBF17 /* AMAppDelegate.m */,
				278A8DBB151CA3C900AFBF17 /* MainStoryboard.storyboard */,
				278A8DBE151CA3C900AFBF17 /* AMViewController.h */,
				278A8DBF151CA3C900AFBF17 /* AMViewController.m */,
				278A8DB0151CA3C900AFBF17 /* Supporting Files */,
			);
			path = ianimeta;
			sourceTree = "<group>";
		};
		278A8DB0151CA3C900AFBF17 /* Supporting Files */ = {
			isa = PBXGroup;
			children = (
				278A8DB1151CA3C900AFBF17 /* ianimeta-Info.plist */,
				278A8DB2151CA3C900AFBF17 /* InfoPlist.strings */,
				278A8DB5151CA3C900AFBF17 /* main.m */,
				278A8DB7151CA3C900AFBF17 /* ianimeta-Prefix.pch */,
			);
			name = "Supporting Files";
			sourceTree = "<group>";
		};
/* End PBXGroup section */

/* Begin PBXNativeTarget section */
		278A8DA4151CA3C900AFBF17 /* ianimeta */ = {
			isa = PBXNativeTarget;
			buildConfigurationList = 278A8DC3151CA3C900AFBF17 /* Build configuration list for PBXNativeTarget "ianimeta" */;
			buildPhases = (
				278A8DA1151CA3C900AFBF17 /* Sources */,
				278A8DA2151CA3C900AFBF17 /* Frameworks */,
				278A8DA3151CA3C900AFBF17 /* Resources */,
			);
			buildRules = (
			);
			dependencies = (
			);
			name = ianimeta;
			productName = ianimeta;
			productReference = 278A8DA5151CA3C900AFBF17 /* ianimeta.app */;
			productType = "com.apple.product-type.application";
		};
/* End PBXNativeTarget section */

/* Begin PBXProject section */
		278A8D9C151CA3C800AFBF17 /* Project object */ = {
			isa = PBXProject;
			attributes = {
				LastUpgradeCheck = 0420;
			};
			buildConfigurationList = 278A8D9F151CA3C800AFBF17 /* Build configuration list for PBXProject "ianimeta" */;
			compatibilityVersion = "Xcode 3.2";
			developmentRegion = English;
			hasScannedForEncodings = 0;
			knownRegions = (
				en,
			);
			mainGroup = 278A8D9A151CA3C800AFBF17;
			productRefGroup = 278A8DA6151CA3C900AFBF17 /* Products */;
			projectDirPath = "";
			projectRoot = "";
			targets = (
				278A8DA4151CA3C900AFBF17 /* ianimeta */,
			);
		};
/* End PBXProject section */

/* Begin PBXResourcesBuildPhase section */
		278A8DA3151CA3C900AFBF17 /* Resources */ = {
			isa = PBXResourcesBuildPhase;
			buildActionMask = 2147483647;
			files = (
				278A8DB4151CA3C900AFBF17 /* InfoPlist.strings in Resources */,
				278A8DBD151CA3C900AFBF17 /* MainStoryboard.storyboard in Resources */,
			);
			runOnlyForDeploymentPostprocessing = 0;
		};
/* End PBXResourcesBuildPhase section */

/* Begin PBXSourcesBuildPhase section */
		278A8DA1151CA3C900AFBF17 /* Sources */ = {
			isa = PBXSourcesBuildPhase;
			buildActionMask = 2147483647;
			files = (
				278A8DB6151CA3C900AFBF17 /* main.m in Sources */,
				278A8DBA151CA3C900AFBF17 /* AMAppDelegate.m in Sources */,
				278A8DC0151CA3C900AFBF17 /* AMViewController.m in Sources */,
			);
			runOnlyForDeploymentPostprocessing = 0;
		};
/* End PBXSourcesBuildPhase section */

/* Begin PBXVariantGroup section */
		278A8DB2151CA3C900AFBF17 /* InfoPlist.strings */ = {
			isa = PBXVariantGroup;
			children = (
				278A8DB3151CA3C900AFBF17 /* en */,
			);
			name = InfoPlist.strings;
			sourceTree = "<group>";
		};
		278A8DBB151CA3C900AFBF17 /* MainStoryboard.storyboard */ = {
			isa = PBXVariantGroup;
			children = (
				278A8DBC151CA3C900AFBF17 /* en */,
			);
			name = MainStoryboard.storyboard;
			sourceTree = "<group>";
		};
/* End PBXVariantGroup section */

/* Begin XCBuildConfiguration section */
		278A8DC1151CA3C900AFBF17 /* Debug */ = {
			isa = XCBuildConfiguration;
			buildSettings = {
				ALWAYS_SEARCH_USER_PATHS = NO;
				ARCHS = "$(ARCHS_STANDARD_32_BIT)";
				CLANG_ENABLE_OBJC_ARC = YES;
				"CODE_SIGN_IDENTITY[sdk=iphoneos*]" = "iPhone Developer";
				COPY_PHASE_STRIP = NO;
				GCC_C_LANGUAGE_STANDARD = gnu99;
				GCC_DYNAMIC_NO_PIC = NO;
				GCC_OPTIMIZATION_LEVEL = 0;
				GCC_PREPROCESSOR_DEFINITIONS = (
					"DEBUG=1",
					"$(inherited)",
				);
				GCC_SYMBOLS_PRIVATE_EXTERN = NO;
				GCC_VERSION = com.apple.compilers.llvm.clang.1_0;
				GCC_WARN_ABOUT_MISSING_PROTOTYPES = YES;
				GCC_WARN_ABOUT_RETURN_TYPE = YES;
				GCC_WARN_UNUSED_VARIABLE = YES;
				IPHONEOS_DEPLOYMENT_TARGET = 5.0;
				SDKROOT = iphoneos;
			};
			name = Debug;
		};
		278A8DC2151CA3C900AFBF17 /* Release */ = {
			isa = XCBuildConfiguration;
			buildSettings = {
				ALWAYS_SEARCH_USER_PATHS = NO;
				ARCHS = "$(ARCHS_STANDARD_32_BIT)";
				CLANG_ENABLE_OBJC_ARC = YES;
				"CODE_SIGN_IDENTITY[sdk=iphoneos*]" = "iPhone Developer";
				COPY_PHASE_STRIP = YES;
				GCC_C_LANGUAGE_STANDARD = gnu99;
				GCC_VERSION = com.apple.compilers.llvm.clang.1_0;
				GCC_WARN_ABOUT_MISSING_PROTOTYPES = YES;
				GCC_WARN_ABOUT_RETURN_TYPE = YES;
				GCC_WARN_UNUSED_VARIABLE = YES;
				IPHONEOS_DEPLOYMENT_TARGET = 5.0;
				OTHER_CFLAGS = "-DNS_BLOCK_ASSERTIONS=1";
				SDKROOT = iphoneos;
				VALIDATE_PRODUCT = YES;
			};
			name = Release;
		};
		278A8DC4151CA3C900AFBF17 /* Debug */ = {
			isa = XCBuildConfiguration;
			buildSettings = {
				GCC_PRECOMPILE_PREFIX_HEADER = YES;
				GCC_PREFIX_HEADER = "ianimeta/ianimeta-Prefix.pch";
				INFOPLIST_FILE = "ianimeta/ianimeta-Info.plist";
				PRODUCT_NAME = "$(TARGET_NAME)";
				WRAPPER_EXTENSION = app;
			};
			name = Debug;
		};
		278A8DC5151CA3C900AFBF17 /* Release */ = {
			isa = XCBuildConfiguration;
			buildSettings = {
				GCC_PRECOMPILE_PREFIX_HEADER = YES;
				GCC_PREFIX_HEADER = "ianimeta/ianimeta-Prefix.pch";
				INFOPLIST_FILE = "ianimeta/ianimeta-Info.plist";
				PRODUCT_NAME = "$(TARGET_NAME)";
				WRAPPER_EXTENSION = app;
			};
			name = Release;
		};
/* End XCBuildConfiguration section */

/* Begin XCConfigurationList section */
		278A8D9F151CA3C800AFBF17 /* Build configuration list for PBXProject "ianimeta" */ = {
			isa = XCConfigurationList;
			buildConfigurations = (
				278A8DC1151CA3C900AFBF17 /* Debug */,
				278A8DC2151CA3C900AFBF17 /* Release */,
			);
			defaultConfigurationIsVisible = 0;
			defaultConfigurationName = Release;
		};
		278A8DC3151CA3C900AFBF17 /* Build configuration list for PBXNativeTarget "ianimeta" */ = {
			isa = XCConfigurationList;
			buildConfigurations = (
				278A8DC4151CA3C900AFBF17 /* Debug */,
				278A8DC5151CA3C900AFBF17 /* Release */,
			);
			defaultConfigurationIsVisible = 0;
		};
/* End XCConfigurationList section */
	};
	rootObject = 278A8D9C151CA3C800AFBF17 /* Project object */;
}
